{
  "name": "generate-captions",
  "version": "1.0.0",
  "lockfileVersion": 3,
  "requires": true,
  "packages": {
    "": {
      "name": "generate-captions",
      "version": "1.0.0",
      "dependencies": {
        "@remotion/captions": "4.0.529",
        "@remotion/install-whisper-cpp": "4.0.529"
      }
    },
    "node_modules/@remotion/captions": {
      "version": "4.0.529",
      "resolved": "https://registry.npmjs.org/@remotion/captions/-/captions-4.0.529.tgz",
      "integrity": "sha512-zXHY/FCqKqxOid60dDUVYWV/yRsIg+7F6/Qs4OMsouNqL6fC6jKwjA/+lsbimdxRUv/VUeaVVyNEufXfenQGNA==",
      "license": "MIT"
    },
    "node_modules/@remotion/install-whisper-cpp": {
      "version": "4.0.529",
      "resolved": "https://registry.npmjs.org/@remotion/install-whisper-cpp/-/install-whisper-cpp-4.0.529.tgz",
      "integrity": "sha512-PVKQ5RrK1zGniRWI4zG1uKfrGXLspaecm8s0jsM5biyoFvDapAqIE/53jFaUABwEvFp+gUkKmruAOGJVK09yEA==",
      "license": "SEE LICENSE IN LICENSE.md",
      "dependencies": {
        "@remotion/captions": "4.0.529"
      }
    }
  }
}
